{
	"name": "ssr-hooks",
	"version": "0.1.0",
	"lockfileVersion": 2,
	"requires": true,
	"packages": {
		"": {
			"name": "ssr-hooks",
			"version": "0.1.0",
			"dependencies": {
				"gray-matter": "^4.0.2",
				"markdown-it": "^12.0.4"
			},
			"devDependencies": {
				"@types/markdown-it": "^12.0.1",
				"@types/node": "^14.14.37",
				"typescript": "^4.2.3"
			}
		},
		"node_modules/@types/highlight.js": {
			"version": "9.12.4",
			"resolved": "https://registry.npmjs.org/@types/highlight.js/-/highlight.js-9.12.4.tgz",
			"integrity": "sha512-t2szdkwmg2JJyuCM20e8kR2X59WCE5Zkl4bzm1u1Oukjm79zpbiAv+QjnwLnuuV0WHEcX2NgUItu0pAMKuOPww==",
			"dev": true
		},
		"node_modules/@types/linkify-it": {
			"version": "3.0.1",
			"resolved": "https://registry.npmjs.org/@types/linkify-it/-/linkify-it-3.0.1.tgz",
			"integrity": "sha512-pQv3Sygwxxh6jYQzXaiyWDAHevJqWtqDUv6t11Sa9CPGiXny66II7Pl6PR8QO5OVysD6HYOkHMeBgIjLnk9SkQ==",
			"dev": true
		},
		"node_modules/@types/markdown-it": {
			"version": "12.0.1",
			"resolved": "https://registry.npmjs.org/@types/markdown-it/-/markdown-it-12.0.1.tgz",
			"integrity": "sha512-mHfT8j/XkPb1uLEfs0/C3se6nd+webC2kcqcy8tgcVr0GDEONv/xaQzAN+aQvkxQXk/jC0Q6mPS+0xhFwRF35g==",
			"dev": true,
			"dependencies": {
				"@types/highlight.js": "^9.7.0",
				"@types/linkify-it": "*",
				"@types/mdurl": "*"
			}
		},
		"node_modules/@types/mdurl": {
			"version": "1.0.2",
			"resolved": "https://registry.npmjs.org/@types/mdurl/-/mdurl-1.0.2.tgz",
			"integrity": "sha512-eC4U9MlIcu2q0KQmXszyn5Akca/0jrQmwDRgpAMJai7qBWq4amIQhZyNau4VYGtCeALvW1/NtjzJJ567aZxfKA==",
			"dev": true
		},
		"node_modules/@types/node": {
			"version": "14.14.37",
			"resolved": "https://registry.npmjs.org/@types/node/-/node-14.14.37.tgz",
			"integrity": "sha512-XYmBiy+ohOR4Lh5jE379fV2IU+6Jn4g5qASinhitfyO71b/sCo6MKsMLF5tc7Zf2CE8hViVQyYSobJNke8OvUw==",
			"dev": true
		},
		"node_modules/argparse": {
			"version": "1.0.10",
			"resolved": "https://registry.npmjs.org/argparse/-/argparse-1.0.10.tgz",
			"integrity": "sha512-o5Roy6tNG4SL/FOkCAN6RzjiakZS25RLYFrcMttJqbdd8BWrnA+fGz57iN5Pb06pvBGvl5gQ0B48dJlslXvoTg==",
			"dependencies": {
				"sprintf-js": "~1.0.2"
			}
		},
		"node_modules/entities": {
			"version": "2.1.0",
			"resolved": "https://registry.npmjs.org/entities/-/entities-2.1.0.tgz",
			"integrity": "sha512-hCx1oky9PFrJ611mf0ifBLBRW8lUUVRlFolb5gWRfIELabBlbp9xZvrqZLZAs+NxFnbfQoeGd8wDkygjg7U85w==",
			"funding": {
				"url": "https://github.com/fb55/entities?sponsor=1"
			}
		},
		"node_modules/esprima": {
			"version": "4.0.1",
			"resolved": "https://registry.npmjs.org/esprima/-/esprima-4.0.1.tgz",
			"integrity": "sha512-eGuFFw7Upda+g4p+QHvnW0RyTX/SVeJBDM/gCtMARO0cLuT2HcEKnTPvhjV6aGeqrCB/sbNop0Kszm0jsaWU4A==",
			"bin": {
				"esparse": "bin/esparse.js",
				"esvalidate": "bin/esvalidate.js"
			},
			"engines": {
				"node": ">=4"
			}
		},
		"node_modules/extend-shallow": {
			"version": "2.0.1",
			"resolved": "https://registry.npmjs.org/extend-shallow/-/extend-shallow-2.0.1.tgz",
			"integrity": "sha1-Ua99YUrZqfYQ6huvu5idaxxWiQ8=",
			"dependencies": {
				"is-extendable": "^0.1.0"
			},
			"engines": {
				"node": ">=0.10.0"
			}
		},
		"node_modules/gray-matter": {
			"version": "4.0.2",
			"resolved": "https://registry.npmjs.org/gray-matter/-/gray-matter-4.0.2.tgz",
			"integrity": "sha512-7hB/+LxrOjq/dd8APlK0r24uL/67w7SkYnfwhNFwg/VDIGWGmduTDYf3WNstLW2fbbmRwrDGCVSJ2isuf2+4Hw==",
			"dependencies": {
				"js-yaml": "^3.11.0",
				"kind-of": "^6.0.2",
				"section-matter": "^1.0.0",
				"strip-bom-string": "^1.0.0"
			},
			"engines": {
				"node": ">=6.0"
			}
		},
		"node_modules/is-extendable": {
			"version": "0.1.1",
			"resolved": "https://registry.npmjs.org/is-extendable/-/is-extendable-0.1.1.tgz",
			"integrity": "sha1-YrEQ4omkcUGOPsNqYX1HLjAd/Ik=",
			"engines": {
				"node": ">=0.10.0"
			}
		},
		"node_modules/js-yaml": {
			"version": "3.14.1",
			"resolved": "https://registry.npmjs.org/js-yaml/-/js-yaml-3.14.1.tgz",
			"integrity": "sha512-okMH7OXXJ7YrN9Ok3/SXrnu4iX9yOk+25nqX4imS2npuvTYDmo/QEZoqwZkYaIDk3jVvBOTOIEgEhaLOynBS9g==",
			"dependencies": {
				"argparse": "^1.0.7",
				"esprima": "^4.0.0"
			},
			"bin": {
				"js-yaml": "bin/js-yaml.js"
			}
		},
		"node_modules/kind-of": {
			"version": "6.0.3",
			"resolved": "https://registry.npmjs.org/kind-of/-/kind-of-6.0.3.tgz",
			"integrity": "sha512-dcS1ul+9tmeD95T+x28/ehLgd9mENa3LsvDTtzm3vyBEO7RPptvAD+t44WVXaUjTBRcrpFeFlC8WCruUR456hw==",
			"engines": {
				"node": ">=0.10.0"
			}
		},
		"node_modules/linkify-it": {
			"version": "3.0.2",
			"resolved": "https://registry.npmjs.org/linkify-it/-/linkify-it-3.0.2.tgz",
			"integrity": "sha512-gDBO4aHNZS6coiZCKVhSNh43F9ioIL4JwRjLZPkoLIY4yZFwg264Y5lu2x6rb1Js42Gh6Yqm2f6L2AJcnkzinQ==",
			"dependencies": {
				"uc.micro": "^1.0.1"
			}
		},
		"node_modules/markdown-it": {
			"version": "12.0.4",
			"resolved": "https://registry.npmjs.org/markdown-it/-/markdown-it-12.0.4.tgz",
			"integrity": "sha512-34RwOXZT8kyuOJy25oJNJoulO8L0bTHYWXcdZBYZqFnjIy3NgjeoM3FmPXIOFQ26/lSHYMr8oc62B6adxXcb3Q==",
			"dependencies": {
				"argparse": "^2.0.1",
				"entities": "~2.1.0",
				"linkify-it": "^3.0.1",
				"mdurl": "^1.0.1",
				"uc.micro": "^1.0.5"
			},
			"bin": {
				"markdown-it": "bin/markdown-it.js"
			}
		},
		"node_modules/markdown-it/node_modules/argparse": {
			"version": "2.0.1",
			"resolved": "https://registry.npmjs.org/argparse/-/argparse-2.0.1.tgz",
			"integrity": "sha512-8+9WqebbFzpX9OR+Wa6O29asIogeRMzcGtAINdpMHHyAg10f05aSFVBbcEqGf/PXw1EjAZ+q2/bEBg3DvurK3Q=="
		},
		"node_modules/mdurl": {
			"version": "1.0.1",
			"resolved": "https://registry.npmjs.org/mdurl/-/mdurl-1.0.1.tgz",
			"integrity": "sha1-/oWy7HWlkDfyrf7BAP1sYBdhFS4="
		},
		"node_modules/section-matter": {
			"version": "1.0.0",
			"resolved": "https://registry.npmjs.org/section-matter/-/section-matter-1.0.0.tgz",
			"integrity": "sha512-vfD3pmTzGpufjScBh50YHKzEu2lxBWhVEHsNGoEXmCmn2hKGfeNLYMzCJpe8cD7gqX7TJluOVpBkAequ6dgMmA==",
			"dependencies": {
				"extend-shallow": "^2.0.1",
				"kind-of": "^6.0.0"
			},
			"engines": {
				"node": ">=4"
			}
		},
		"node_modules/sprintf-js": {
			"version": "1.0.3",
			"resolved": "https://registry.npmjs.org/sprintf-js/-/sprintf-js-1.0.3.tgz",
			"integrity": "sha1-BOaSb2YolTVPPdAVIDYzuFcpfiw="
		},
		"node_modules/strip-bom-string": {
			"version": "1.0.0",
			"resolved": "https://registry.npmjs.org/strip-bom-string/-/strip-bom-string-1.0.0.tgz",
			"integrity": "sha1-5SEekiQ2n7uB1jOi8ABE3IztrZI=",
			"engines": {
				"node": ">=0.10.0"
			}
		},
		"node_modules/typescript": {
			"version": "4.2.3",
			"resolved": "https://registry.npmjs.org/typescript/-/typescript-4.2.3.tgz",
			"integrity": "sha512-qOcYwxaByStAWrBf4x0fibwZvMRG+r4cQoTjbPtUlrWjBHbmCAww1i448U0GJ+3cNNEtebDteo/cHOR3xJ4wEw==",
			"dev": true,
			"bin": {
				"tsc": "bin/tsc",
				"tsserver": "bin/tsserver"
			},
			"engines": {
				"node": ">=4.2.0"
			}
		},
		"node_modules/uc.micro": {
			"version": "1.0.6",
			"resolved": "https://registry.npmjs.org/uc.micro/-/uc.micro-1.0.6.tgz",
			"integrity": "sha512-8Y75pvTYkLJW2hWQHXxoqRgV7qb9B+9vFEtidML+7koHUFapnVJAZ6cKs+Qjz5Aw3aZWHMC6u0wJE3At+nSGwA=="
		}
	},
	"dependencies": {
		"@types/highlight.js": {
			"version": "9.12.4",
			"resolved": "https://registry.npmjs.org/@types/highlight.js/-/highlight.js-9.12.4.tgz",
			"integrity": "sha512-t2szdkwmg2JJyuCM20e8kR2X59WCE5Zkl4bzm1u1Oukjm79zpbiAv+QjnwLnuuV0WHEcX2NgUItu0pAMKuOPww==",
			"dev": true
		},
		"@types/linkify-it": {
			"version": "3.0.1",
			"resolved": "https://registry.npmjs.org/@types/linkify-it/-/linkify-it-3.0.1.tgz",
			"integrity": "sha512-pQv3Sygwxxh6jYQzXaiyWDAHevJqWtqDUv6t11Sa9CPGiXny66II7Pl6PR8QO5OVysD6HYOkHMeBgIjLnk9SkQ==",
			"dev": true
		},
		"@types/markdown-it": {
			"version": "12.0.1",
			"resolved": "https://registry.npmjs.org/@types/markdown-it/-/markdown-it-12.0.1.tgz",
			"integrity": "sha512-mHfT8j/XkPb1uLEfs0/C3se6nd+webC2kcqcy8tgcVr0GDEONv/xaQzAN+aQvkxQXk/jC0Q6mPS+0xhFwRF35g==",
			"dev": true,
			"requires": {
				"@types/highlight.js": "^9.7.0",
				"@types/linkify-it": "*",
				"@types/mdurl": "*"
			}
		},
		"@types/mdurl": {
			"version": "1.0.2",
			"resolved": "https://registry.npmjs.org/@types/mdurl/-/mdurl-1.0.2.tgz",
			"integrity": "sha512-eC4U9MlIcu2q0KQmXszyn5Akca/0jrQmwDRgpAMJai7qBWq4amIQhZyNau4VYGtCeALvW1/NtjzJJ567aZxfKA==",
			"dev": true
		},
		"@types/node": {
			"version": "14.14.37",
			"resolved": "https://registry.npmjs.org/@types/node/-/node-14.14.37.tgz",
			"integrity": "sha512-XYmBiy+ohOR4Lh5jE379fV2IU+6Jn4g5qASinhitfyO71b/sCo6MKsMLF5tc7Zf2CE8hViVQyYSobJNke8OvUw==",
			"dev": true
		},
		"argparse": {
			"version": "1.0.10",
			"resolved": "https://registry.npmjs.org/argparse/-/argparse-1.0.10.tgz",
			"integrity": "sha512-o5Roy6tNG4SL/FOkCAN6RzjiakZS25RLYFrcMttJqbdd8BWrnA+fGz57iN5Pb06pvBGvl5gQ0B48dJlslXvoTg==",
			"requires": {
				"sprintf-js": "~1.0.2"
			}
		},
		"entities": {
			"version": "2.1.0",
			"resolved": "https://registry.npmjs.org/entities/-/entities-2.1.0.tgz",
			"integrity": "sha512-hCx1oky9PFrJ611mf0ifBLBRW8lUUVRlFolb5gWRfIELabBlbp9xZvrqZLZAs+NxFnbfQoeGd8wDkygjg7U85w=="
		},
		"esprima": {
			"version": "4.0.1",
			"resolved": "https://registry.npmjs.org/esprima/-/esprima-4.0.1.tgz",
			"integrity": "sha512-eGuFFw7Upda+g4p+QHvnW0RyTX/SVeJBDM/gCtMARO0cLuT2HcEKnTPvhjV6aGeqrCB/sbNop0Kszm0jsaWU4A=="
		},
		"extend-shallow": {
			"version": "2.0.1",
			"resolved": "https://registry.npmjs.org/extend-shallow/-/extend-shallow-2.0.1.tgz",
			"integrity": "sha1-Ua99YUrZqfYQ6huvu5idaxxWiQ8=",
			"requires": {
				"is-extendable": "^0.1.0"
			}
		},
		"gray-matter": {
			"version": "4.0.2",
			"resolved": "https://registry.npmjs.org/gray-matter/-/gray-matter-4.0.2.tgz",
			"integrity": "sha512-7hB/+LxrOjq/dd8APlK0r24uL/67w7SkYnfwhNFwg/VDIGWGmduTDYf3WNstLW2fbbmRwrDGCVSJ2isuf2+4Hw==",
			"requires": {
				"js-yaml": "^3.11.0",
				"kind-of": "^6.0.2",
				"section-matter": "^1.0.0",
				"strip-bom-string": "^1.0.0"
			}
		},
		"is-extendable": {
			"version": "0.1.1",
			"resolved": "https://registry.npmjs.org/is-extendable/-/is-extendable-0.1.1.tgz",
			"integrity": "sha1-YrEQ4omkcUGOPsNqYX1HLjAd/Ik="
		},
		"js-yaml": {
			"version": "3.14.1",
			"resolved": "https://registry.npmjs.org/js-yaml/-/js-yaml-3.14.1.tgz",
			"integrity": "sha512-okMH7OXXJ7YrN9Ok3/SXrnu4iX9yOk+25nqX4imS2npuvTYDmo/QEZoqwZkYaIDk3jVvBOTOIEgEhaLOynBS9g==",
			"requires": {
				"argparse": "^1.0.7",
				"esprima": "^4.0.0"
			}
		},
		"kind-of": {
			"version": "6.0.3",
			"resolved": "https://registry.npmjs.org/kind-of/-/kind-of-6.0.3.tgz",
			"integrity": "sha512-dcS1ul+9tmeD95T+x28/ehLgd9mENa3LsvDTtzm3vyBEO7RPptvAD+t44WVXaUjTBRcrpFeFlC8WCruUR456hw=="
		},
		"linkify-it": {
			"version": "3.0.2",
			"resolved": "https://registry.npmjs.org/linkify-it/-/linkify-it-3.0.2.tgz",
			"integrity": "sha512-gDBO4aHNZS6coiZCKVhSNh43F9ioIL4JwRjLZPkoLIY4yZFwg264Y5lu2x6rb1Js42Gh6Yqm2f6L2AJcnkzinQ==",
			"requires": {
				"uc.micro": "^1.0.1"
			}
		},
		"markdown-it": {
			"version": "12.0.4",
			"resolved": "https://registry.npmjs.org/markdown-it/-/markdown-it-12.0.4.tgz",
			"integrity": "sha512-34RwOXZT8kyuOJy25oJNJoulO8L0bTHYWXcdZBYZqFnjIy3NgjeoM3FmPXIOFQ26/lSHYMr8oc62B6adxXcb3Q==",
			"requires": {
				"argparse": "^2.0.1",
				"entities": "~2.1.0",
				"linkify-it": "^3.0.1",
				"mdurl": "^1.0.1",
				"uc.micro": "^1.0.5"
			},
			"dependencies": {
				"argparse": {
					"version": "2.0.1",
					"resolved": "https://registry.npmjs.org/argparse/-/argparse-2.0.1.tgz",
					"integrity": "sha512-8+9WqebbFzpX9OR+Wa6O29asIogeRMzcGtAINdpMHHyAg10f05aSFVBbcEqGf/PXw1EjAZ+q2/bEBg3DvurK3Q=="
				}
			}
		},
		"mdurl": {
			"version": "1.0.1",
			"resolved": "https://registry.npmjs.org/mdurl/-/mdurl-1.0.1.tgz",
			"integrity": "sha1-/oWy7HWlkDfyrf7BAP1sYBdhFS4="
		},
		"section-matter": {
			"version": "1.0.0",
			"resolved": "https://registry.npmjs.org/section-matter/-/section-matter-1.0.0.tgz",
			"integrity": "sha512-vfD3pmTzGpufjScBh50YHKzEu2lxBWhVEHsNGoEXmCmn2hKGfeNLYMzCJpe8cD7gqX7TJluOVpBkAequ6dgMmA==",
			"requires": {
				"extend-shallow": "^2.0.1",
				"kind-of": "^6.0.0"
			}
		},
		"sprintf-js": {
			"version": "1.0.3",
			"resolved": "https://registry.npmjs.org/sprintf-js/-/sprintf-js-1.0.3.tgz",
			"integrity": "sha1-BOaSb2YolTVPPdAVIDYzuFcpfiw="
		},
		"strip-bom-string": {
			"version": "1.0.0",
			"resolved": "https://registry.npmjs.org/strip-bom-string/-/strip-bom-string-1.0.0.tgz",
			"integrity": "sha1-5SEekiQ2n7uB1jOi8ABE3IztrZI="
		},
		"typescript": {
			"version": "4.2.3",
			"resolved": "https://registry.npmjs.org/typescript/-/typescript-4.2.3.tgz",
			"integrity": "sha512-qOcYwxaByStAWrBf4x0fibwZvMRG+r4cQoTjbPtUlrWjBHbmCAww1i448U0GJ+3cNNEtebDteo/cHOR3xJ4wEw==",
			"dev": true
		},
		"uc.micro": {
			"version": "1.0.6",
			"resolved": "https://registry.npmjs.org/uc.micro/-/uc.micro-1.0.6.tgz",
			"integrity": "sha512-8Y75pvTYkLJW2hWQHXxoqRgV7qb9B+9vFEtidML+7koHUFapnVJAZ6cKs+Qjz5Aw3aZWHMC6u0wJE3At+nSGwA=="
		}
	}
}
